
Microsoft Visual Studio Solution File, Format Version 12.00
# Visual Studio Version 17
VisualStudioVersion = 17.9.34622.214
MinimumVisualStudioVersion = 10.0.40219.1
Project("{9A19103F-16F7-4668-BE54-9A1E7A4F7556}") = "PPTT", "PPTT\PPTT.csproj", "{FEA1BE54-1D3E-4DCF-B710-7BEE851CC5E7}"
EndProject
Global
	GlobalSection(SolutionConfigurationPlatforms) = preSolution
		Debug|Any CPU = Debug|Any CPU
		Release|Any CPU = Release|Any CPU
	EndGlobalSection
	GlobalSection(ProjectConfigurationPlatforms) = postSolution
		{FEA1BE54-1D3E-4DCF-B710-7BEE851CC5E7}.Debug|Any CPU.ActiveCfg = Debug|Any CPU
		{FEA1BE54-1D3E-4DCF-B710-7BEE851CC5E7}.Debug|Any CPU.Build.0 = Debug|Any CPU
		{FEA1BE54-1D3E-4DCF-B710-7BEE851CC5E7}.Release|Any CPU.ActiveCfg = Release|Any CPU
		{FEA1BE54-1D3E-4DCF-B710-7BEE851CC5E7}.Release|Any CPU.Build.0 = Release|Any CPU
	EndGlobalSection
	GlobalSection(SolutionProperties) = preSolution
		HideSolutionNode = FALSE
	EndGlobalSection
	GlobalSection(ExtensibilityGlobals) = postSolution
		SolutionGuid = {42BBB11D-90E7-4E70-B871-0A7A619DA1FC}
	EndGlobalSection
EndGlobal
